Microsoft Visual Studio Solution File, Format Version 12.00
# Visual Studio Version 17
VisualStudioVersion = 17.5.2.0
MinimumVisualStudioVersion = 10.0.40219.1
Project("{FAE04EC0-301F-11D3-BF4B-00C04F79EFBC}") = "StewartCLI", "StewartCLI.csproj", "{78D34224-5E3D-8EF1-58BC-6449DCB0A4C1}"
EndProject
Global
	GlobalSection(SolutionConfigurationPlatforms) = preSolution
		Debug|Any CPU = Debug|Any CPU
		Release|Any CPU = Release|Any CPU
	EndGlobalSection
	GlobalSection(ProjectConfigurationPlatforms) = postSolution
		{78D34224-5E3D-8EF1-58BC-6449DCB0A4C1}.Debug|Any CPU.ActiveCfg = Debug|Any CPU
		{78D34224-5E3D-8EF1-58BC-6449DCB0A4C1}.Debug|Any CPU.Build.0 = Debug|Any CPU
		{78D34224-5E3D-8EF1-58BC-6449DCB0A4C1}.Release|Any CPU.ActiveCfg = Release|Any CPU
		{78D34224-5E3D-8EF1-58BC-6449DCB0A4C1}.Release|Any CPU.Build.0 = Release|Any CPU
	EndGlobalSection
	GlobalSection(SolutionProperties) = preSolution
		HideSolutionNode = FALSE
	EndGlobalSection
	GlobalSection(ExtensibilityGlobals) = postSolution
		SolutionGuid = {BD723664-927F-4854-9FB1-BC08EC64B18F}
	EndGlobalSection
EndGlobal
